
Microsoft Visual Studio Solution File, Format Version 12.00
# Visual Studio Version 16
VisualStudioVersion = 16.0.29009.5
MinimumVisualStudioVersion = 10.0.40219.1
Project("{FAE04EC0-301F-11D3-BF4B-00C04F79EFBC}") = "CrudMicroservice", "CrudMicroservice\CrudMicroservice.csproj", "{C64E4D11-6AA8-4E98-AC0F-EF7DE9955C43}"
EndProject
Global
	GlobalSection(SolutionConfigurationPlatforms) = preSolution
		Debug|Any CPU = Debug|Any CPU
		Release|Any CPU = Release|Any CPU
	EndGlobalSection
	GlobalSection(ProjectConfigurationPlatforms) = postSolution
		{C64E4D11-6AA8-4E98-AC0F-EF7DE9955C43}.Debug|Any CPU.ActiveCfg = Debug|Any CPU
		{C64E4D11-6AA8-4E98-AC0F-EF7DE9955C43}.Debug|Any CPU.Build.0 = Debug|Any CPU
		{C64E4D11-6AA8-4E98-AC0F-EF7DE9955C43}.Release|Any CPU.ActiveCfg = Release|Any CPU
		{C64E4D11-6AA8-4E98-AC0F-EF7DE9955C43}.Release|Any CPU.Build.0 = Release|Any CPU
	EndGlobalSection
	GlobalSection(SolutionProperties) = preSolution
		HideSolutionNode = FALSE
	EndGlobalSection
	GlobalSection(ExtensibilityGlobals) = postSolution
		SolutionGuid = {13D15855-F934-406C-A960-7085DBA0FBA5}
	EndGlobalSection
EndGlobal
